// !$*UTF8*$!
{
	archiveVersion = 1;
	classes = {
	};
	objectVersion = 54;
	objects = {

/* Begin PBXBuildFile section */
		00E356F31AD99517003FC87E /* coffeShopAppTests.m in Sources */ = {isa = PBXBuildFile; fileRef = 00E356F21AD99517003FC87E /* coffeShopAppTests.m */; };
		0C80B921A6F3F58F76C31292 /* libPods-coffeShopApp.a in Frameworks */ = {isa = PBXBuildFile; fileRef = 5DCACB8F33CDC322A6C60F78 /* libPods-coffeShopApp.a */; };
		13B07FBC1A68108700A75B9A /* AppDelegate.mm in Sources */ = {isa = PBXBuildFile; fileRef = 13B07FB01A68108700A75B9A /* AppDelegate.mm */; };
		13B07FBF1A68108700A75B9A /* Images.xcassets in Resources */ = {isa = PBXBuildFile; fileRef = 13B07FB51A68108700A75B9A /* Images.xcassets */; };
		13B07FC11A68108700A75B9A /* main.m in Sources */ = {isa = PBXBuildFile; fileRef = 13B07FB71A68108700A75B9A /* main.m */; };
		7699B88040F8A987B510C191 /* libPods-coffeShopApp-coffeShopAppTests.a in Frameworks */ = {isa = PBXBuildFile; fileRef = 19F6CBCC0A4E27FBF8BF4A61 /* libPods-coffeShopApp-coffeShopAppTests.a */; };
		81AB9BB82411601600AC10FF /* LaunchScreen.storyboard in Resources */ = {isa = PBXBuildFile; fileRef = 81AB9BB72411601600AC10FF /* LaunchScreen.storyboard */; };
		67748D62A8B04920B8BD691F /* app_icons.ttf in Resources */ = {isa = PBXBuildFile; fileRef = 72339330A54342C7A20C7F27 /* app_icons.ttf */; };
		EE2C84DFCE014487B7F8082A /* Poppins-Black.ttf in Resources */ = {isa = PBXBuildFile; fileRef = BE7DBDE9083A431A9E17B819 /* Poppins-Black.ttf */; };
		188BF95B1F1C4724919FCE4F /* Poppins-Bold.ttf in Resources */ = {isa = PBXBuildFile; fileRef = 2A8511EBB03846E3BCC31C6E /* Poppins-Bold.ttf */; };
		3773F40AE73242D18D386118 /* Poppins-ExtraBold.ttf in Resources */ = {isa = PBXBuildFile; fileRef = 1821F645569542C388CD6A01 /* Poppins-ExtraBold.ttf */; };
		E8C2FC5249444F30A952B7C9 /* Poppins-ExtraLight.ttf in Resources */ = {isa = PBXBuildFile; fileRef = B1D1E50DB5A14F05A8078295 /* Poppins-ExtraLight.ttf */; };
		D1F577155B6546389F340DCC /* Poppins-Light.ttf in Resources */ = {isa = PBXBuildFile; fileRef = 64DCB45FD6CB44BB81BFFBB6 /* Poppins-Light.ttf */; };
		426148DB6DE74D509D34F015 /* Poppins-Medium.ttf in Resources */ = {isa = PBXBuildFile; fileRef = C65549B656C24BCBA785BDB5 /* Poppins-Medium.ttf */; };
		703440A05B9F438A94533F01 /* Poppins-Regular.ttf in Resources */ = {isa = PBXBuildFile; fileRef = BB58A0942E144AEF8E247A53 /* Poppins-Regular.ttf */; };
		341D9EF0D2C343FCBA54DB40 /* Poppins-SemiBold.ttf in Resources */ = {isa = PBXBuildFile; fileRef = E7732AD55BE54FF689BEC9F6 /* Poppins-SemiBold.ttf */; };
		3ACA6AA218DE4E4EAF6566C3 /* Poppins-Thin.ttf in Resources */ = {isa = PBXBuildFile; fileRef = 238026596A284D30983C62E8 /* Poppins-Thin.ttf */; };
		4A9D3FAFC86A4E69AEB01BA7 /* amazonpay.png in Resources */ = {isa = PBXBuildFile; fileRef = 0110EBE459714894A4C8113B /* amazonpay.png */; };
		03199A04AB224629979FBBD2 /* applepay.png in Resources */ = {isa = PBXBuildFile; fileRef = AE6B9F48C1EA40599B22CE6D /* applepay.png */; };
		6C1A487638DB4A61869DC8D1 /* avatar.png in Resources */ = {isa = PBXBuildFile; fileRef = 7EFE3B0FF5BB4578B9D84450 /* avatar.png */; };
		62EADF3D31464AB1AEFABEB3 /* gpay.png in Resources */ = {isa = PBXBuildFile; fileRef = E3D1565CC20A4C34BA239B20 /* gpay.png */; };
		189BB3A94279481F9E5AC6F9 /* americano_pic_1_portrait.png in Resources */ = {isa = PBXBuildFile; fileRef = 60AD9DD70AD148BC9CA0847B /* americano_pic_1_portrait.png */; };
		DBAACFA72AFF40F6AB70D7BA /* americano_pic_2_portrait.png in Resources */ = {isa = PBXBuildFile; fileRef = C386D5B9E5034C208F8105A3 /* americano_pic_2_portrait.png */; };
		D9E357ED499A46A2AC7C1B55 /* americano_pic_3_portrait.png in Resources */ = {isa = PBXBuildFile; fileRef = BCCCA3EEE42743B9AAA3F039 /* americano_pic_3_portrait.png */; };
		1D4A752634BE4EEF8B464230 /* americano_pic_1_square.png in Resources */ = {isa = PBXBuildFile; fileRef = 549B64DA7189440DB5A90F0A /* americano_pic_1_square.png */; };
		9C2E1BDB2CCA4746A9922002 /* americano_pic_2_square.png in Resources */ = {isa = PBXBuildFile; fileRef = 2212CA6946364DDC9150704F /* americano_pic_2_square.png */; };
		7177FD6BE3B949EF865D0803 /* americano_pic_3_square.png in Resources */ = {isa = PBXBuildFile; fileRef = DDFD73EE32284E1AA00DBE22 /* americano_pic_3_square.png */; };
		1EC7B55D01284BE48D220CC9 /* arabica_coffee_beans_portrait.png in Resources */ = {isa = PBXBuildFile; fileRef = 585484547FE74293B6823F53 /* arabica_coffee_beans_portrait.png */; };
		B8733823965A46B9A5F4C2FE /* arabica_coffee_beans_square.png in Resources */ = {isa = PBXBuildFile; fileRef = 8BDFC056158547D9B4C1D7D8 /* arabica_coffee_beans_square.png */; };
		8FC43097B8934911B6FDEA01 /* black_coffee_pic_1_portrait.png in Resources */ = {isa = PBXBuildFile; fileRef = 890BBC299CBF4886A27FDC5E /* black_coffee_pic_1_portrait.png */; };
		57B4DAA11183429BA1A58C18 /* black_coffee_pic_2_portrait.png in Resources */ = {isa = PBXBuildFile; fileRef = 0C459C02BF9E4CF8814BC215 /* black_coffee_pic_2_portrait.png */; };
		C443C09BF7604EC883DD7664 /* black_coffee_pic_3_portrait.png in Resources */ = {isa = PBXBuildFile; fileRef = E4CFA944D7194D7DA7A32256 /* black_coffee_pic_3_portrait.png */; };
		6F98ECEF79624B24BA2A97E6 /* black_coffee_pic_1_square.png in Resources */ = {isa = PBXBuildFile; fileRef = DA1685E6A29347C1A3A39C4E /* black_coffee_pic_1_square.png */; };
		BA53A7EA6CB045259314F4B1 /* black_coffee_pic_2_square.png in Resources */ = {isa = PBXBuildFile; fileRef = 144E7B4AB6834F338ECC0D57 /* black_coffee_pic_2_square.png */; };
		48AB607BD10646CBB70E25D1 /* black_coffee_pic_3_square.png in Resources */ = {isa = PBXBuildFile; fileRef = 6D19C289FFB346E1A275670D /* black_coffee_pic_3_square.png */; };
		E2EF82DE243F474B9B8CB678 /* cappuccino_pic_1_portrait.png in Resources */ = {isa = PBXBuildFile; fileRef = A316A04AC84249E0AFE88AA0 /* cappuccino_pic_1_portrait.png */; };
		A9B339C54854410EB4D42EF8 /* cappuccino_pic_2_portrait.png in Resources */ = {isa = PBXBuildFile; fileRef = FC689020EB2D43DDB5B8518D /* cappuccino_pic_2_portrait.png */; };
		2B90B1DC414948D28BF53660 /* cappuccino_pic_3_portrait.png in Resources */ = {isa = PBXBuildFile; fileRef = CF9F84FCBED645AA839917FE /* cappuccino_pic_3_portrait.png */; };
		FAEAB6654E524C23B3CC2A88 /* cappuccino_pic_1_square.png in Resources */ = {isa = PBXBuildFile; fileRef = DB76A6104F4C4CDBBA9AF95A /* cappuccino_pic_1_square.png */; };
		540554A9A24F49ECB3A67DA0 /* cappuccino_pic_2_square.png in Resources */ = {isa = PBXBuildFile; fileRef = 97CADCE696DE458CB9D7BB1E /* cappuccino_pic_2_square.png */; };
		E6A868CCFE9040DA9B77B8B8 /* cappuccino_pic_3_square.png in Resources */ = {isa = PBXBuildFile; fileRef = 0382E506F48B46CBA51455E8 /* cappuccino_pic_3_square.png */; };
		4265FA61837F473087F84458 /* espresso_pic_1_portrait.png in Resources */ = {isa = PBXBuildFile; fileRef = D9D24EC49D7D474CA532280F /* espresso_pic_1_portrait.png */; };
		D18D29BE0EF04B0090914794 /* espresso_pic_2_portrait.png in Resources */ = {isa = PBXBuildFile; fileRef = 355DFA7FCA17412384D6EA11 /* espresso_pic_2_portrait.png */; };
		2B769E2C02714082A004CAA4 /* espresso_pic_3_portrait.png in Resources */ = {isa = PBXBuildFile; fileRef = 282935E663C4411396166D18 /* espresso_pic_3_portrait.png */; };
		C9CD50AEEF3F425491A2C0DE /* espresso_pic_1_square.png in Resources */ = {isa = PBXBuildFile; fileRef = 55EF37305FDA46599B9FCA7F /* espresso_pic_1_square.png */; };
		0C76CE94361F4D21AF1ADCAB /* espresso_pic_2_square.png in Resources */ = {isa = PBXBuildFile; fileRef = 827B42DE63FF417B85776F6D /* espresso_pic_2_square.png */; };
		F5FC7792F9E74AC2A50873A4 /* espresso_pic_3_square.png in Resources */ = {isa = PBXBuildFile; fileRef = 204F1D158F0D43B9B1F0D23E /* espresso_pic_3_square.png */; };
		34119B72831C43EFA93DA93E /* excelsa_coffee_beans_portrait.png in Resources */ = {isa = PBXBuildFile; fileRef = D33FF0B6AFF04CFBB08C72CE /* excelsa_coffee_beans_portrait.png */; };
		F36E44AC43CB45D6ACA650A9 /* excelsa_coffee_beans_square.png in Resources */ = {isa = PBXBuildFile; fileRef = 6567B466EBEF4E74ABE65C0A /* excelsa_coffee_beans_square.png */; };
		9991FFF73B1141F2B77F0577 /* latte_pic_1_portrait.png in Resources */ = {isa = PBXBuildFile; fileRef = 963F8543C2804DD5B19568F0 /* latte_pic_1_portrait.png */; };
		742379A887B64C01B875B887 /* latte_pic_2_portrait.png in Resources */ = {isa = PBXBuildFile; fileRef = E48FB368934243DFA4A7A4A3 /* latte_pic_2_portrait.png */; };
		02E9E147CDCB40D79E3983FD /* latte_pic_3_portrait.png in Resources */ = {isa = PBXBuildFile; fileRef = 98775C9661934201B9A8E7F1 /* latte_pic_3_portrait.png */; };
		9FD17512C07F43C184DFB459 /* latte_pic_1_square.png in Resources */ = {isa = PBXBuildFile; fileRef = 40E6C5938B4E4304AE39540A /* latte_pic_1_square.png */; };
		4D359D628EAD4D9A876A74EB /* latte_pic_2_square.png in Resources */ = {isa = PBXBuildFile; fileRef = 4FDADAB77DDF4484957E8201 /* latte_pic_2_square.png */; };
		A77C1042CB3D4E8B851D1403 /* latte_pic_3_square.png in Resources */ = {isa = PBXBuildFile; fileRef = E0F8E0738F3C4AD08B81AA74 /* latte_pic_3_square.png */; };
		24BBFED95C004FC49571C81A /* liberica_coffee_beans_portrait.png in Resources */ = {isa = PBXBuildFile; fileRef = 26A1975C7708494E8C23551A /* liberica_coffee_beans_portrait.png */; };
		4CED77A5420A4BB4BBA09322 /* liberica_coffee_beans_square.png in Resources */ = {isa = PBXBuildFile; fileRef = 05F8B4F8087B494295B899FD /* liberica_coffee_beans_square.png */; };
		3D43B7486B974461A6937E40 /* macchiato_pic_1_portrait.png in Resources */ = {isa = PBXBuildFile; fileRef = FBFAA6045A73468ABD37EAE9 /* macchiato_pic_1_portrait.png */; };
		92FD46EFE5ED44E1A9078EF1 /* macchiato_pic_2_portrait.png in Resources */ = {isa = PBXBuildFile; fileRef = 9C76B0AA18E94447AD2CA83B /* macchiato_pic_2_portrait.png */; };
		C479395C413C4AB48A7B7CC0 /* macchiato_pic_3_portrait.png in Resources */ = {isa = PBXBuildFile; fileRef = 55B62E5C09A141BCA15B8795 /* macchiato_pic_3_portrait.png */; };
		EB10216635314D20B2E01E7E /* macchiato_pic_1_square.png in Resources */ = {isa = PBXBuildFile; fileRef = C185FA25027D44D8A17943F8 /* macchiato_pic_1_square.png */; };
		AB4BF8BE5C104D5BA2793F1C /* macchiato_pic_2_square.png in Resources */ = {isa = PBXBuildFile; fileRef = 3E6F1FAC53504660B562A5AA /* macchiato_pic_2_square.png */; };
		8A95F76475384BB7894244F5 /* macchiato_pic_3_square.png in Resources */ = {isa = PBXBuildFile; fileRef = 721542E215904E4584FF79FF /* macchiato_pic_3_square.png */; };
		146F6E7426AA4A8CAE71309D /* robusta_coffee_beans_portrait.png in Resources */ = {isa = PBXBuildFile; fileRef = 01372AF729A74FBDAA8B4853 /* robusta_coffee_beans_portrait.png */; };
		742CCAF009214E19942B14B6 /* robusta_coffee_beans_square.png in Resources */ = {isa = PBXBuildFile; fileRef = E5CA56C0B1D14A578A52CB70 /* robusta_coffee_beans_square.png */; };
/* End PBXBuildFile section */

/* Begin PBXContainerItemProxy section */
		00E356F41AD99517003FC87E /* PBXContainerItemProxy */ = {
			isa = PBXContainerItemProxy;
			containerPortal = 83CBB9F71A601CBA00E9B192 /* Project object */;
			proxyType = 1;
			remoteGlobalIDString = 13B07F861A680F5B00A75B9A;
			remoteInfo = coffeShopApp;
		};
/* End PBXContainerItemProxy section */

/* Begin PBXFileReference section */
		00E356EE1AD99517003FC87E /* coffeShopAppTests.xctest */ = {isa = PBXFileReference; explicitFileType = wrapper.cfbundle; includeInIndex = 0; path = coffeShopAppTests.xctest; sourceTree = BUILT_PRODUCTS_DIR; };
		00E356F11AD99517003FC87E /* Info.plist */ = {isa = PBXFileReference; lastKnownFileType = text.plist.xml; path = Info.plist; sourceTree = "<group>"; };
		00E356F21AD99517003FC87E /* coffeShopAppTests.m */ = {isa = PBXFileReference; lastKnownFileType = sourcecode.c.objc; path = coffeShopAppTests.m; sourceTree = "<group>"; };
		13B07F961A680F5B00A75B9A /* coffeShopApp.app */ = {isa = PBXFileReference; explicitFileType = wrapper.application; includeInIndex = 0; path = coffeShopApp.app; sourceTree = BUILT_PRODUCTS_DIR; };
		13B07FAF1A68108700A75B9A /* AppDelegate.h */ = {isa = PBXFileReference; fileEncoding = 4; lastKnownFileType = sourcecode.c.h; name = AppDelegate.h; path = coffeShopApp/AppDelegate.h; sourceTree = "<group>"; };
		13B07FB01A68108700A75B9A /* AppDelegate.mm */ = {isa = PBXFileReference; fileEncoding = 4; lastKnownFileType = sourcecode.cpp.objcpp; name = AppDelegate.mm; path = coffeShopApp/AppDelegate.mm; sourceTree = "<group>"; };
		13B07FB51A68108700A75B9A /* Images.xcassets */ = {isa = PBXFileReference; lastKnownFileType = folder.assetcatalog; name = Images.xcassets; path = coffeShopApp/Images.xcassets; sourceTree = "<group>"; };
		13B07FB61A68108700A75B9A /* Info.plist */ = {isa = PBXFileReference; fileEncoding = 4; lastKnownFileType = text.plist.xml; name = Info.plist; path = coffeShopApp/Info.plist; sourceTree = "<group>"; };
		13B07FB71A68108700A75B9A /* main.m */ = {isa = PBXFileReference; fileEncoding = 4; lastKnownFileType = sourcecode.c.objc; name = main.m; path = coffeShopApp/main.m; sourceTree = "<group>"; };
		19F6CBCC0A4E27FBF8BF4A61 /* libPods-coffeShopApp-coffeShopAppTests.a */ = {isa = PBXFileReference; explicitFileType = archive.ar; includeInIndex = 0; path = "libPods-coffeShopApp-coffeShopAppTests.a"; sourceTree = BUILT_PRODUCTS_DIR; };
		3B4392A12AC88292D35C810B /* Pods-coffeShopApp.debug.xcconfig */ = {isa = PBXFileReference; includeInIndex = 1; lastKnownFileType = text.xcconfig; name = "Pods-coffeShopApp.debug.xcconfig"; path = "Target Support Files/Pods-coffeShopApp/Pods-coffeShopApp.debug.xcconfig"; sourceTree = "<group>"; };
		5709B34CF0A7D63546082F79 /* Pods-coffeShopApp.release.xcconfig */ = {isa = PBXFileReference; includeInIndex = 1; lastKnownFileType = text.xcconfig; name = "Pods-coffeShopApp.release.xcconfig"; path = "Target Support Files/Pods-coffeShopApp/Pods-coffeShopApp.release.xcconfig"; sourceTree = "<group>"; };
		5B7EB9410499542E8C5724F5 /* Pods-coffeShopApp-coffeShopAppTests.debug.xcconfig */ = {isa = PBXFileReference; includeInIndex = 1; lastKnownFileType = text.xcconfig; name = "Pods-coffeShopApp-coffeShopAppTests.debug.xcconfig"; path = "Target Support Files/Pods-coffeShopApp-coffeShopAppTests/Pods-coffeShopApp-coffeShopAppTests.debug.xcconfig"; sourceTree = "<group>"; };
		5DCACB8F33CDC322A6C60F78 /* libPods-coffeShopApp.a */ = {isa = PBXFileReference; explicitFileType = archive.ar; includeInIndex = 0; path = "libPods-coffeShopApp.a"; sourceTree = BUILT_PRODUCTS_DIR; };
		81AB9BB72411601600AC10FF /* LaunchScreen.storyboard */ = {isa = PBXFileReference; fileEncoding = 4; lastKnownFileType = file.storyboard; name = LaunchScreen.storyboard; path = coffeShopApp/LaunchScreen.storyboard; sourceTree = "<group>"; };
		89C6BE57DB24E9ADA2F236DE /* Pods-coffeShopApp-coffeShopAppTests.release.xcconfig */ = {isa = PBXFileReference; includeInIndex = 1; lastKnownFileType = text.xcconfig; name = "Pods-coffeShopApp-coffeShopAppTests.release.xcconfig"; path = "Target Support Files/Pods-coffeShopApp-coffeShopAppTests/Pods-coffeShopApp-coffeShopAppTests.release.xcconfig"; sourceTree = "<group>"; };
		ED297162215061F000B7C4FE /* JavaScriptCore.framework */ = {isa = PBXFileReference; lastKnownFileType = wrapper.framework; name = JavaScriptCore.framework; path = System/Library/Frameworks/JavaScriptCore.framework; sourceTree = SDKROOT; };
		72339330A54342C7A20C7F27 /* app_icons.ttf */ = {isa = PBXFileReference; name = "app_icons.ttf"; path = "../src/assets/fonts/app_icons.ttf"; sourceTree = "<group>"; fileEncoding = undefined; lastKnownFileType = unknown; explicitFileType = undefined; includeInIndex = 0; };
		BE7DBDE9083A431A9E17B819 /* Poppins-Black.ttf */ = {isa = PBXFileReference; name = "Poppins-Black.ttf"; path = "../src/assets/fonts/Poppins-Black.ttf"; sourceTree = "<group>"; fileEncoding = undefined; lastKnownFileType = unknown; explicitFileType = undefined; includeInIndex = 0; };
		2A8511EBB03846E3BCC31C6E /* Poppins-Bold.ttf */ = {isa = PBXFileReference; name = "Poppins-Bold.ttf"; path = "../src/assets/fonts/Poppins-Bold.ttf"; sourceTree = "<group>"; fileEncoding = undefined; lastKnownFileType = unknown; explicitFileType = undefined; includeInIndex = 0; };
		1821F645569542C388CD6A01 /* Poppins-ExtraBold.ttf */ = {isa = PBXFileReference; name = "Poppins-ExtraBold.ttf"; path = "../src/assets/fonts/Poppins-ExtraBold.ttf"; sourceTree = "<group>"; fileEncoding = undefined; lastKnownFileType = unknown; explicitFileType = undefined; includeInIndex = 0; };
		B1D1E50DB5A14F05A8078295 /* Poppins-ExtraLight.ttf */ = {isa = PBXFileReference; name = "Poppins-ExtraLight.ttf"; path = "../src/assets/fonts/Poppins-ExtraLight.ttf"; sourceTree = "<group>"; fileEncoding = undefined; lastKnownFileType = unknown; explicitFileType = undefined; includeInIndex = 0; };
		64DCB45FD6CB44BB81BFFBB6 /* Poppins-Light.ttf */ = {isa = PBXFileReference; name = "Poppins-Light.ttf"; path = "../src/assets/fonts/Poppins-Light.ttf"; sourceTree = "<group>"; fileEncoding = undefined; lastKnownFileType = unknown; explicitFileType = undefined; includeInIndex = 0; };
		C65549B656C24BCBA785BDB5 /* Poppins-Medium.ttf */ = {isa = PBXFileReference; name = "Poppins-Medium.ttf"; path = "../src/assets/fonts/Poppins-Medium.ttf"; sourceTree = "<group>"; fileEncoding = undefined; lastKnownFileType = unknown; explicitFileType = undefined; includeInIndex = 0; };
		BB58A0942E144AEF8E247A53 /* Poppins-Regular.ttf */ = {isa = PBXFileReference; name = "Poppins-Regular.ttf"; path = "../src/assets/fonts/Poppins-Regular.ttf"; sourceTree = "<group>"; fileEncoding = undefined; lastKnownFileType = unknown; explicitFileType = undefined; includeInIndex = 0; };
		E7732AD55BE54FF689BEC9F6 /* Poppins-SemiBold.ttf */ = {isa = PBXFileReference; name = "Poppins-SemiBold.ttf"; path = "../src/assets/fonts/Poppins-SemiBold.ttf"; sourceTree = "<group>"; fileEncoding = undefined; lastKnownFileType = unknown; explicitFileType = undefined; includeInIndex = 0; };
		238026596A284D30983C62E8 /* Poppins-Thin.ttf */ = {isa = PBXFileReference; name = "Poppins-Thin.ttf"; path = "../src/assets/fonts/Poppins-Thin.ttf"; sourceTree = "<group>"; fileEncoding = undefined; lastKnownFileType = unknown; explicitFileType = undefined; includeInIndex = 0; };
		0110EBE459714894A4C8113B /* amazonpay.png */ = {isa = PBXFileReference; name = "amazonpay.png"; path = "../src/assets/app_images/amazonpay.png"; sourceTree = "<group>"; fileEncoding = undefined; lastKnownFileType = unknown; explicitFileType = undefined; includeInIndex = 0; };
		AE6B9F48C1EA40599B22CE6D /* applepay.png */ = {isa = PBXFileReference; name = "applepay.png"; path = "../src/assets/app_images/applepay.png"; sourceTree = "<group>"; fileEncoding = undefined; lastKnownFileType = unknown; explicitFileType = undefined; includeInIndex = 0; };
		7EFE3B0FF5BB4578B9D84450 /* avatar.png */ = {isa = PBXFileReference; name = "avatar.png"; path = "../src/assets/app_images/avatar.png"; sourceTree = "<group>"; fileEncoding = undefined; lastKnownFileType = unknown; explicitFileType = undefined; includeInIndex = 0; };
		E3D1565CC20A4C34BA239B20 /* gpay.png */ = {isa = PBXFileReference; name = "gpay.png"; path = "../src/assets/app_images/gpay.png"; sourceTree = "<group>"; fileEncoding = undefined; lastKnownFileType = unknown; explicitFileType = undefined; includeInIndex = 0; };
		60AD9DD70AD148BC9CA0847B /* americano_pic_1_portrait.png */ = {isa = PBXFileReference; name = "americano_pic_1_portrait.png"; path = "../src/assets/coffee_assets/americano/portrait/americano_pic_1_portrait.png"; sourceTree = "<group>"; fileEncoding = undefined; lastKnownFileType = unknown; explicitFileType = undefined; includeInIndex = 0; };
		C386D5B9E5034C208F8105A3 /* americano_pic_2_portrait.png */ = {isa = PBXFileReference; name = "americano_pic_2_portrait.png"; path = "../src/assets/coffee_assets/americano/portrait/americano_pic_2_portrait.png"; sourceTree = "<group>"; fileEncoding = undefined; lastKnownFileType = unknown; explicitFileType = undefined; includeInIndex = 0; };
		BCCCA3EEE42743B9AAA3F039 /* americano_pic_3_portrait.png */ = {isa = PBXFileReference; name = "americano_pic_3_portrait.png"; path = "../src/assets/coffee_assets/americano/portrait/americano_pic_3_portrait.png"; sourceTree = "<group>"; fileEncoding = undefined; lastKnownFileType = unknown; explicitFileType = undefined; includeInIndex = 0; };
		549B64DA7189440DB5A90F0A /* americano_pic_1_square.png */ = {isa = PBXFileReference; name = "americano_pic_1_square.png"; path = "../src/assets/coffee_assets/americano/square/americano_pic_1_square.png"; sourceTree = "<group>"; fileEncoding = undefined; lastKnownFileType = unknown; explicitFileType = undefined; includeInIndex = 0; };
		2212CA6946364DDC9150704F /* americano_pic_2_square.png */ = {isa = PBXFileReference; name = "americano_pic_2_square.png"; path = "../src/assets/coffee_assets/americano/square/americano_pic_2_square.png"; sourceTree = "<group>"; fileEncoding = undefined; lastKnownFileType = unknown; explicitFileType = undefined; includeInIndex = 0; };
		DDFD73EE32284E1AA00DBE22 /* americano_pic_3_square.png */ = {isa = PBXFileReference; name = "americano_pic_3_square.png"; path = "../src/assets/coffee_assets/americano/square/americano_pic_3_square.png"; sourceTree = "<group>"; fileEncoding = undefined; lastKnownFileType = unknown; explicitFileType = undefined; includeInIndex = 0; };
		585484547FE74293B6823F53 /* arabica_coffee_beans_portrait.png */ = {isa = PBXFileReference; name = "arabica_coffee_beans_portrait.png"; path = "../src/assets/coffee_assets/arabica_coffee_beans/arabica_coffee_beans_portrait.png"; sourceTree = "<group>"; fileEncoding = undefined; lastKnownFileType = unknown; explicitFileType = undefined; includeInIndex = 0; };
		8BDFC056158547D9B4C1D7D8 /* arabica_coffee_beans_square.png */ = {isa = PBXFileReference; name = "arabica_coffee_beans_square.png"; path = "../src/assets/coffee_assets/arabica_coffee_beans/arabica_coffee_beans_square.png"; sourceTree = "<group>"; fileEncoding = undefined; lastKnownFileType = unknown; explicitFileType = undefined; includeInIndex = 0; };
		890BBC299CBF4886A27FDC5E /* black_coffee_pic_1_portrait.png */ = {isa = PBXFileReference; name = "black_coffee_pic_1_portrait.png"; path = "../src/assets/coffee_assets/black_coffee/portrait/black_coffee_pic_1_portrait.png"; sourceTree = "<group>"; fileEncoding = undefined; lastKnownFileType = unknown; explicitFileType = undefined; includeInIndex = 0; };
		0C459C02BF9E4CF8814BC215 /* black_coffee_pic_2_portrait.png */ = {isa = PBXFileReference; name = "black_coffee_pic_2_portrait.png"; path = "../src/assets/coffee_assets/black_coffee/portrait/black_coffee_pic_2_portrait.png"; sourceTree = "<group>"; fileEncoding = undefined; lastKnownFileType = unknown; explicitFileType = undefined; includeInIndex = 0; };
		E4CFA944D7194D7DA7A32256 /* black_coffee_pic_3_portrait.png */ = {isa = PBXFileReference; name = "black_coffee_pic_3_portrait.png"; path = "../src/assets/coffee_assets/black_coffee/portrait/black_coffee_pic_3_portrait.png"; sourceTree = "<group>"; fileEncoding = undefined; lastKnownFileType = unknown; explicitFileType = undefined; includeInIndex = 0; };
		DA1685E6A29347C1A3A39C4E /* black_coffee_pic_1_square.png */ = {isa = PBXFileReference; name = "black_coffee_pic_1_square.png"; path = "../src/assets/coffee_assets/black_coffee/square/black_coffee_pic_1_square.png"; sourceTree = "<group>"; fileEncoding = undefined; lastKnownFileType = unknown; explicitFileType = undefined; includeInIndex = 0; };
		144E7B4AB6834F338ECC0D57 /* black_coffee_pic_2_square.png */ = {isa = PBXFileReference; name = "black_coffee_pic_2_square.png"; path = "../src/assets/coffee_assets/black_coffee/square/black_coffee_pic_2_square.png"; sourceTree = "<group>"; fileEncoding = undefined; lastKnownFileType = unknown; explicitFileType = undefined; includeInIndex = 0; };
		6D19C289FFB346E1A275670D /* black_coffee_pic_3_square.png */ = {isa = PBXFileReference; name = "black_coffee_pic_3_square.png"; path = "../src/assets/coffee_assets/black_coffee/square/black_coffee_pic_3_square.png"; sourceTree = "<group>"; fileEncoding = undefined; lastKnownFileType = unknown; explicitFileType = undefined; includeInIndex = 0; };
		A316A04AC84249E0AFE88AA0 /* cappuccino_pic_1_portrait.png */ = {isa = PBXFileReference; name = "cappuccino_pic_1_portrait.png"; path = "../src/assets/coffee_assets/cappuccino/portrait/cappuccino_pic_1_portrait.png"; sourceTree = "<group>"; fileEncoding = undefined; lastKnownFileType = unknown; explicitFileType = undefined; includeInIndex = 0; };
		FC689020EB2D43DDB5B8518D /* cappuccino_pic_2_portrait.png */ = {isa = PBXFileReference; name = "cappuccino_pic_2_portrait.png"; path = "../src/assets/coffee_assets/cappuccino/portrait/cappuccino_pic_2_portrait.png"; sourceTree = "<group>"; fileEncoding = undefined; lastKnownFileType = unknown; explicitFileType = undefined; includeInIndex = 0; };
		CF9F84FCBED645AA839917FE /* cappuccino_pic_3_portrait.png */ = {isa = PBXFileReference; name = "cappuccino_pic_3_portrait.png"; path = "../src/assets/coffee_assets/cappuccino/portrait/cappuccino_pic_3_portrait.png"; sourceTree = "<group>"; fileEncoding = undefined; lastKnownFileType = unknown; explicitFileType = undefined; includeInIndex = 0; };
		DB76A6104F4C4CDBBA9AF95A /* cappuccino_pic_1_square.png */ = {isa = PBXFileReference; name = "cappuccino_pic_1_square.png"; path = "../src/assets/coffee_assets/cappuccino/square/cappuccino_pic_1_square.png"; sourceTree = "<group>"; fileEncoding = undefined; lastKnownFileType = unknown; explicitFileType = undefined; includeInIndex = 0; };
		97CADCE696DE458CB9D7BB1E /* cappuccino_pic_2_square.png */ = {isa = PBXFileReference; name = "cappuccino_pic_2_square.png"; path = "../src/assets/coffee_assets/cappuccino/square/cappuccino_pic_2_square.png"; sourceTree = "<group>"; fileEncoding = undefined; lastKnownFileType = unknown; explicitFileType = undefined; includeInIndex = 0; };
		0382E506F48B46CBA51455E8 /* cappuccino_pic_3_square.png */ = {isa = PBXFileReference; name = "cappuccino_pic_3_square.png"; path = "../src/assets/coffee_assets/cappuccino/square/cappuccino_pic_3_square.png"; sourceTree = "<group>"; fileEncoding = undefined; lastKnownFileType = unknown; explicitFileType = undefined; includeInIndex = 0; };
		D9D24EC49D7D474CA532280F /* espresso_pic_1_portrait.png */ = {isa = PBXFileReference; name = "espresso_pic_1_portrait.png"; path = "../src/assets/coffee_assets/espresso/portrait/espresso_pic_1_portrait.png"; sourceTree = "<group>"; fileEncoding = undefined; lastKnownFileType = unknown; explicitFileType = undefined; includeInIndex = 0; };
		355DFA7FCA17412384D6EA11 /* espresso_pic_2_portrait.png */ = {isa = PBXFileReference; name = "espresso_pic_2_portrait.png"; path = "../src/assets/coffee_assets/espresso/portrait/espresso_pic_2_portrait.png"; sourceTree = "<group>"; fileEncoding = undefined; lastKnownFileType = unknown; explicitFileType = undefined; includeInIndex = 0; };
		282935E663C4411396166D18 /* espresso_pic_3_portrait.png */ = {isa = PBXFileReference; name = "espresso_pic_3_portrait.png"; path = "../src/assets/coffee_assets/espresso/portrait/espresso_pic_3_portrait.png"; sourceTree = "<group>"; fileEncoding = undefined; lastKnownFileType = unknown; explicitFileType = undefined; includeInIndex = 0; };
		55EF37305FDA46599B9FCA7F /* espresso_pic_1_square.png */ = {isa = PBXFileReference; name = "espresso_pic_1_square.png"; path = "../src/assets/coffee_assets/espresso/square/espresso_pic_1_square.png"; sourceTree = "<group>"; fileEncoding = undefined; lastKnownFileType = unknown; explicitFileType = undefined; includeInIndex = 0; };
		827B42DE63FF417B85776F6D /* espresso_pic_2_square.png */ = {isa = PBXFileReference; name = "espresso_pic_2_square.png"; path = "../src/assets/coffee_assets/espresso/square/espresso_pic_2_square.png"; sourceTree = "<group>"; fileEncoding = undefined; lastKnownFileType = unknown; explicitFileType = undefined; includeInIndex = 0; };
		204F1D158F0D43B9B1F0D23E /* espresso_pic_3_square.png */ = {isa = PBXFileReference; name = "espresso_pic_3_square.png"; path = "../src/assets/coffee_assets/espresso/square/espresso_pic_3_square.png"; sourceTree = "<group>"; fileEncoding = undefined; lastKnownFileType = unknown; explicitFileType = undefined; includeInIndex = 0; };
		D33FF0B6AFF04CFBB08C72CE /* excelsa_coffee_beans_portrait.png */ = {isa = PBXFileReference; name = "excelsa_coffee_beans_portrait.png"; path = "../src/assets/coffee_assets/excelsa_coffee_beans/excelsa_coffee_beans_portrait.png"; sourceTree = "<group>"; fileEncoding = undefined; lastKnownFileType = unknown; explicitFileType = undefined; includeInIndex = 0; };
		6567B466EBEF4E74ABE65C0A /* excelsa_coffee_beans_square.png */ = {isa = PBXFileReference; name = "excelsa_coffee_beans_square.png"; path = "../src/assets/coffee_assets/excelsa_coffee_beans/excelsa_coffee_beans_square.png"; sourceTree = "<group>"; fileEncoding = undefined; lastKnownFileType = unknown; explicitFileType = undefined; includeInIndex = 0; };
		963F8543C2804DD5B19568F0 /* latte_pic_1_portrait.png */ = {isa = PBXFileReference; name = "latte_pic_1_portrait.png"; path = "../src/assets/coffee_assets/latte/portrait/latte_pic_1_portrait.png"; sourceTree = "<group>"; fileEncoding = undefined; lastKnownFileType = unknown; explicitFileType = undefined; includeInIndex = 0; };
		E48FB368934243DFA4A7A4A3 /* latte_pic_2_portrait.png */ = {isa = PBXFileReference; name = "latte_pic_2_portrait.png"; path = "../src/assets/coffee_assets/latte/portrait/latte_pic_2_portrait.png"; sourceTree = "<group>"; fileEncoding = undefined; lastKnownFileType = unknown; explicitFileType = undefined; includeInIndex = 0; };
		98775C9661934201B9A8E7F1 /* latte_pic_3_portrait.png */ = {isa = PBXFileReference; name = "latte_pic_3_portrait.png"; path = "../src/assets/coffee_assets/latte/portrait/latte_pic_3_portrait.png"; sourceTree = "<group>"; fileEncoding = undefined; lastKnownFileType = unknown; explicitFileType = undefined; includeInIndex = 0; };
		40E6C5938B4E4304AE39540A /* latte_pic_1_square.png */ = {isa = PBXFileReference; name = "latte_pic_1_square.png"; path = "../src/assets/coffee_assets/latte/square/latte_pic_1_square.png"; sourceTree = "<group>"; fileEncoding = undefined; lastKnownFileType = unknown; explicitFileType = undefined; includeInIndex = 0; };
		4FDADAB77DDF4484957E8201 /* latte_pic_2_square.png */ = {isa = PBXFileReference; name = "latte_pic_2_square.png"; path = "../src/assets/coffee_assets/latte/square/latte_pic_2_square.png"; sourceTree = "<group>"; fileEncoding = undefined; lastKnownFileType = unknown; explicitFileType = undefined; includeInIndex = 0; };
		E0F8E0738F3C4AD08B81AA74 /* latte_pic_3_square.png */ = {isa = PBXFileReference; name = "latte_pic_3_square.png"; path = "../src/assets/coffee_assets/latte/square/latte_pic_3_square.png"; sourceTree = "<group>"; fileEncoding = undefined; lastKnownFileType = unknown; explicitFileType = undefined; includeInIndex = 0; };
		26A1975C7708494E8C23551A /* liberica_coffee_beans_portrait.png */ = {isa = PBXFileReference; name = "liberica_coffee_beans_portrait.png"; path = "../src/assets/coffee_assets/liberica_coffee_beans/liberica_coffee_beans_portrait.png"; sourceTree = "<group>"; fileEncoding = undefined; lastKnownFileType = unknown; explicitFileType = undefined; includeInIndex = 0; };
		05F8B4F8087B494295B899FD /* liberica_coffee_beans_square.png */ = {isa = PBXFileReference; name = "liberica_coffee_beans_square.png"; path = "../src/assets/coffee_assets/liberica_coffee_beans/liberica_coffee_beans_square.png"; sourceTree = "<group>"; fileEncoding = undefined; lastKnownFileType = unknown; explicitFileType = undefined; includeInIndex = 0; };
		FBFAA6045A73468ABD37EAE9 /* macchiato_pic_1_portrait.png */ = {isa = PBXFileReference; name = "macchiato_pic_1_portrait.png"; path = "../src/assets/coffee_assets/macchiato/portrait/macchiato_pic_1_portrait.png"; sourceTree = "<group>"; fileEncoding = undefined; lastKnownFileType = unknown; explicitFileType = undefined; includeInIndex = 0; };
		9C76B0AA18E94447AD2CA83B /* macchiato_pic_2_portrait.png */ = {isa = PBXFileReference; name = "macchiato_pic_2_portrait.png"; path = "../src/assets/coffee_assets/macchiato/portrait/macchiato_pic_2_portrait.png"; sourceTree = "<group>"; fileEncoding = undefined; lastKnownFileType = unknown; explicitFileType = undefined; includeInIndex = 0; };
		55B62E5C09A141BCA15B8795 /* macchiato_pic_3_portrait.png */ = {isa = PBXFileReference; name = "macchiato_pic_3_portrait.png"; path = "../src/assets/coffee_assets/macchiato/portrait/macchiato_pic_3_portrait.png"; sourceTree = "<group>"; fileEncoding = undefined; lastKnownFileType = unknown; explicitFileType = undefined; includeInIndex = 0; };
		C185FA25027D44D8A17943F8 /* macchiato_pic_1_square.png */ = {isa = PBXFileReference; name = "macchiato_pic_1_square.png"; path = "../src/assets/coffee_assets/macchiato/square/macchiato_pic_1_square.png"; sourceTree = "<group>"; fileEncoding = undefined; lastKnownFileType = unknown; explicitFileType = undefined; includeInIndex = 0; };
		3E6F1FAC53504660B562A5AA /* macchiato_pic_2_square.png */ = {isa = PBXFileReference; name = "macchiato_pic_2_square.png"; path = "../src/assets/coffee_assets/macchiato/square/macchiato_pic_2_square.png"; sourceTree = "<group>"; fileEncoding = undefined; lastKnownFileType = unknown; explicitFileType = undefined; includeInIndex = 0; };
		721542E215904E4584FF79FF /* macchiato_pic_3_square.png */ = {isa = PBXFileReference; name = "macchiato_pic_3_square.png"; path = "../src/assets/coffee_assets/macchiato/square/macchiato_pic_3_square.png"; sourceTree = "<group>"; fileEncoding = undefined; lastKnownFileType = unknown; explicitFileType = undefined; includeInIndex = 0; };
		01372AF729A74FBDAA8B4853 /* robusta_coffee_beans_portrait.png */ = {isa = PBXFileReference; name = "robusta_coffee_beans_portrait.png"; path = "../src/assets/coffee_assets/robusta_coffee_beans/robusta_coffee_beans_portrait.png"; sourceTree = "<group>"; fileEncoding = undefined; lastKnownFileType = unknown; explicitFileType = undefined; includeInIndex = 0; };
		E5CA56C0B1D14A578A52CB70 /* robusta_coffee_beans_square.png */ = {isa = PBXFileReference; name = "robusta_coffee_beans_square.png"; path = "../src/assets/coffee_assets/robusta_coffee_beans/robusta_coffee_beans_square.png"; sourceTree = "<group>"; fileEncoding = undefined; lastKnownFileType = unknown; explicitFileType = undefined; includeInIndex = 0; };
/* End PBXFileReference section */

/* Begin PBXFrameworksBuildPhase section */
		00E356EB1AD99517003FC87E /* Frameworks */ = {
			isa = PBXFrameworksBuildPhase;
			buildActionMask = 2147483647;
			files = (
				7699B88040F8A987B510C191 /* libPods-coffeShopApp-coffeShopAppTests.a in Frameworks */,
			);
			runOnlyForDeploymentPostprocessing = 0;
		};
		13B07F8C1A680F5B00A75B9A /* Frameworks */ = {
			isa = PBXFrameworksBuildPhase;
			buildActionMask = 2147483647;
			files = (
				0C80B921A6F3F58F76C31292 /* libPods-coffeShopApp.a in Frameworks */,
			);
			runOnlyForDeploymentPostprocessing = 0;
		};
/* End PBXFrameworksBuildPhase section */

/* Begin PBXGroup section */
		00E356EF1AD99517003FC87E /* coffeShopAppTests */ = {
			isa = PBXGroup;
			children = (
				00E356F21AD99517003FC87E /* coffeShopAppTests.m */,
				00E356F01AD99517003FC87E /* Supporting Files */,
			);
			path = coffeShopAppTests;
			sourceTree = "<group>";
		};
		00E356F01AD99517003FC87E /* Supporting Files */ = {
			isa = PBXGroup;
			children = (
				00E356F11AD99517003FC87E /* Info.plist */,
			);
			name = "Supporting Files";
			sourceTree = "<group>";
		};
		13B07FAE1A68108700A75B9A /* coffeShopApp */ = {
			isa = PBXGroup;
			children = (
				13B07FAF1A68108700A75B9A /* AppDelegate.h */,
				13B07FB01A68108700A75B9A /* AppDelegate.mm */,
				13B07FB51A68108700A75B9A /* Images.xcassets */,
				13B07FB61A68108700A75B9A /* Info.plist */,
				81AB9BB72411601600AC10FF /* LaunchScreen.storyboard */,
				13B07FB71A68108700A75B9A /* main.m */,
			);
			name = coffeShopApp;
			sourceTree = "<group>";
		};
		2D16E6871FA4F8E400B85C8A /* Frameworks */ = {
			isa = PBXGroup;
			children = (
				ED297162215061F000B7C4FE /* JavaScriptCore.framework */,
				5DCACB8F33CDC322A6C60F78 /* libPods-coffeShopApp.a */,
				19F6CBCC0A4E27FBF8BF4A61 /* libPods-coffeShopApp-coffeShopAppTests.a */,
			);
			name = Frameworks;
			sourceTree = "<group>";
		};
		832341AE1AAA6A7D00B99B32 /* Libraries */ = {
			isa = PBXGroup;
			children = (
			);
			name = Libraries;
			sourceTree = "<group>";
		};
		83CBB9F61A601CBA00E9B192 = {
			isa = PBXGroup;
			children = (
				13B07FAE1A68108700A75B9A /* coffeShopApp */,
				832341AE1AAA6A7D00B99B32 /* Libraries */,
				00E356EF1AD99517003FC87E /* coffeShopAppTests */,
				83CBBA001A601CBA00E9B192 /* Products */,
				2D16E6871FA4F8E400B85C8A /* Frameworks */,
				BBD78D7AC51CEA395F1C20DB /* Pods */,
				3A0E93593E04423BA7F5D5E6 /* Resources */,
			);
			indentWidth = 2;
			sourceTree = "<group>";
			tabWidth = 2;
			usesTabs = 0;
		};
		83CBBA001A601CBA00E9B192 /* Products */ = {
			isa = PBXGroup;
			children = (
				13B07F961A680F5B00A75B9A /* coffeShopApp.app */,
				00E356EE1AD99517003FC87E /* coffeShopAppTests.xctest */,
			);
			name = Products;
			sourceTree = "<group>";
		};
		BBD78D7AC51CEA395F1C20DB /* Pods */ = {
			isa = PBXGroup;
			children = (
				3B4392A12AC88292D35C810B /* Pods-coffeShopApp.debug.xcconfig */,
				5709B34CF0A7D63546082F79 /* Pods-coffeShopApp.release.xcconfig */,
				5B7EB9410499542E8C5724F5 /* Pods-coffeShopApp-coffeShopAppTests.debug.xcconfig */,
				89C6BE57DB24E9ADA2F236DE /* Pods-coffeShopApp-coffeShopAppTests.release.xcconfig */,
			);
			path = Pods;
			sourceTree = "<group>";
		};
		3A0E93593E04423BA7F5D5E6 /* Resources */ = {
			isa = "PBXGroup";
			children = (
				72339330A54342C7A20C7F27 /* app_icons.ttf */,
				BE7DBDE9083A431A9E17B819 /* Poppins-Black.ttf */,
				2A8511EBB03846E3BCC31C6E /* Poppins-Bold.ttf */,
				1821F645569542C388CD6A01 /* Poppins-ExtraBold.ttf */,
				B1D1E50DB5A14F05A8078295 /* Poppins-ExtraLight.ttf */,
				64DCB45FD6CB44BB81BFFBB6 /* Poppins-Light.ttf */,
				C65549B656C24BCBA785BDB5 /* Poppins-Medium.ttf */,
				BB58A0942E144AEF8E247A53 /* Poppins-Regular.ttf */,
				E7732AD55BE54FF689BEC9F6 /* Poppins-SemiBold.ttf */,
				238026596A284D30983C62E8 /* Poppins-Thin.ttf */,
				0110EBE459714894A4C8113B /* amazonpay.png */,
				AE6B9F48C1EA40599B22CE6D /* applepay.png */,
				7EFE3B0FF5BB4578B9D84450 /* avatar.png */,
				E3D1565CC20A4C34BA239B20 /* gpay.png */,
				60AD9DD70AD148BC9CA0847B /* americano_pic_1_portrait.png */,
				C386D5B9E5034C208F8105A3 /* americano_pic_2_portrait.png */,
				BCCCA3EEE42743B9AAA3F039 /* americano_pic_3_portrait.png */,
				549B64DA7189440DB5A90F0A /* americano_pic_1_square.png */,
				2212CA6946364DDC9150704F /* americano_pic_2_square.png */,
				DDFD73EE32284E1AA00DBE22 /* americano_pic_3_square.png */,
				585484547FE74293B6823F53 /* arabica_coffee_beans_portrait.png */,
				8BDFC056158547D9B4C1D7D8 /* arabica_coffee_beans_square.png */,
				890BBC299CBF4886A27FDC5E /* black_coffee_pic_1_portrait.png */,
				0C459C02BF9E4CF8814BC215 /* black_coffee_pic_2_portrait.png */,
				E4CFA944D7194D7DA7A32256 /* black_coffee_pic_3_portrait.png */,
				DA1685E6A29347C1A3A39C4E /* black_coffee_pic_1_square.png */,
				144E7B4AB6834F338ECC0D57 /* black_coffee_pic_2_square.png */,
				6D19C289FFB346E1A275670D /* black_coffee_pic_3_square.png */,
				A316A04AC84249E0AFE88AA0 /* cappuccino_pic_1_portrait.png */,
				FC689020EB2D43DDB5B8518D /* cappuccino_pic_2_portrait.png */,
				CF9F84FCBED645AA839917FE /* cappuccino_pic_3_portrait.png */,
				DB76A6104F4C4CDBBA9AF95A /* cappuccino_pic_1_square.png */,
				97CADCE696DE458CB9D7BB1E /* cappuccino_pic_2_square.png */,
				0382E506F48B46CBA51455E8 /* cappuccino_pic_3_square.png */,
				D9D24EC49D7D474CA532280F /* espresso_pic_1_portrait.png */,
				355DFA7FCA17412384D6EA11 /* espresso_pic_2_portrait.png */,
				282935E663C4411396166D18 /* espresso_pic_3_portrait.png */,
				55EF37305FDA46599B9FCA7F /* espresso_pic_1_square.png */,
				827B42DE63FF417B85776F6D /* espresso_pic_2_square.png */,
				204F1D158F0D43B9B1F0D23E /* espresso_pic_3_square.png */,
				D33FF0B6AFF04CFBB08C72CE /* excelsa_coffee_beans_portrait.png */,
				6567B466EBEF4E74ABE65C0A /* excelsa_coffee_beans_square.png */,
				963F8543C2804DD5B19568F0 /* latte_pic_1_portrait.png */,
				E48FB368934243DFA4A7A4A3 /* latte_pic_2_portrait.png */,
				98775C9661934201B9A8E7F1 /* latte_pic_3_portrait.png */,
				40E6C5938B4E4304AE39540A /* latte_pic_1_square.png */,
				4FDADAB77DDF4484957E8201 /* latte_pic_2_square.png */,
				E0F8E0738F3C4AD08B81AA74 /* latte_pic_3_square.png */,
				26A1975C7708494E8C23551A /* liberica_coffee_beans_portrait.png */,
				05F8B4F8087B494295B899FD /* liberica_coffee_beans_square.png */,
				FBFAA6045A73468ABD37EAE9 /* macchiato_pic_1_portrait.png */,
				9C76B0AA18E94447AD2CA83B /* macchiato_pic_2_portrait.png */,
				55B62E5C09A141BCA15B8795 /* macchiato_pic_3_portrait.png */,
				C185FA25027D44D8A17943F8 /* macchiato_pic_1_square.png */,
				3E6F1FAC53504660B562A5AA /* macchiato_pic_2_square.png */,
				721542E215904E4584FF79FF /* macchiato_pic_3_square.png */,
				01372AF729A74FBDAA8B4853 /* robusta_coffee_beans_portrait.png */,
				E5CA56C0B1D14A578A52CB70 /* robusta_coffee_beans_square.png */,
			);
			name = Resources;
			sourceTree = "<group>";
			path = "";
		};
/* End PBXGroup section */

/* Begin PBXNativeTarget section */
		00E356ED1AD99517003FC87E /* coffeShopAppTests */ = {
			isa = PBXNativeTarget;
			buildConfigurationList = 00E357021AD99517003FC87E /* Build configuration list for PBXNativeTarget "coffeShopAppTests" */;
			buildPhases = (
				A55EABD7B0C7F3A422A6CC61 /* [CP] Check Pods Manifest.lock */,
				00E356EA1AD99517003FC87E /* Sources */,
				00E356EB1AD99517003FC87E /* Frameworks */,
				00E356EC1AD99517003FC87E /* Resources */,
				C59DA0FBD6956966B86A3779 /* [CP] Embed Pods Frameworks */,
				F6A41C54EA430FDDC6A6ED99 /* [CP] Copy Pods Resources */,
			);
			buildRules = (
			);
			dependencies = (
				00E356F51AD99517003FC87E /* PBXTargetDependency */,
			);
			name = coffeShopAppTests;
			productName = coffeShopAppTests;
			productReference = 00E356EE1AD99517003FC87E /* coffeShopAppTests.xctest */;
			productType = "com.apple.product-type.bundle.unit-test";
		};
		13B07F861A680F5B00A75B9A /* coffeShopApp */ = {
			isa = PBXNativeTarget;
			buildConfigurationList = 13B07F931A680F5B00A75B9A /* Build configuration list for PBXNativeTarget "coffeShopApp" */;
			buildPhases = (
				C38B50BA6285516D6DCD4F65 /* [CP] Check Pods Manifest.lock */,
				13B07F871A680F5B00A75B9A /* Sources */,
				13B07F8C1A680F5B00A75B9A /* Frameworks */,
				13B07F8E1A680F5B00A75B9A /* Resources */,
				00DD1BFF1BD5951E006B06BC /* Bundle React Native code and images */,
				00EEFC60759A1932668264C0 /* [CP] Embed Pods Frameworks */,
				E235C05ADACE081382539298 /* [CP] Copy Pods Resources */,
			);
			buildRules = (
			);
			dependencies = (
			);
			name = coffeShopApp;
			productName = coffeShopApp;
			productReference = 13B07F961A680F5B00A75B9A /* coffeShopApp.app */;
			productType = "com.apple.product-type.application";
		};
/* End PBXNativeTarget section */

/* Begin PBXProject section */
		83CBB9F71A601CBA00E9B192 /* Project object */ = {
			isa = PBXProject;
			attributes = {
				LastUpgradeCheck = 1210;
				TargetAttributes = {
					00E356ED1AD99517003FC87E = {
						CreatedOnToolsVersion = 6.2;
						TestTargetID = 13B07F861A680F5B00A75B9A;
					};
					13B07F861A680F5B00A75B9A = {
						LastSwiftMigration = 1120;
					};
				};
			};
			buildConfigurationList = 83CBB9FA1A601CBA00E9B192 /* Build configuration list for PBXProject "coffeShopApp" */;
			compatibilityVersion = "Xcode 12.0";
			developmentRegion = en;
			hasScannedForEncodings = 0;
			knownRegions = (
				en,
				Base,
			);
			mainGroup = 83CBB9F61A601CBA00E9B192;
			productRefGroup = 83CBBA001A601CBA00E9B192 /* Products */;
			projectDirPath = "";
			projectRoot = "";
			targets = (
				13B07F861A680F5B00A75B9A /* coffeShopApp */,
				00E356ED1AD99517003FC87E /* coffeShopAppTests */,
			);
		};
/* End PBXProject section */

/* Begin PBXResourcesBuildPhase section */
		00E356EC1AD99517003FC87E /* Resources */ = {
			isa = PBXResourcesBuildPhase;
			buildActionMask = 2147483647;
			files = (
			);
			runOnlyForDeploymentPostprocessing = 0;
		};
		13B07F8E1A680F5B00A75B9A /* Resources */ = {
			isa = PBXResourcesBuildPhase;
			buildActionMask = 2147483647;
			files = (
				81AB9BB82411601600AC10FF /* LaunchScreen.storyboard in Resources */,
				13B07FBF1A68108700A75B9A /* Images.xcassets in Resources */,
				67748D62A8B04920B8BD691F /* app_icons.ttf in Resources */,
				EE2C84DFCE014487B7F8082A /* Poppins-Black.ttf in Resources */,
				188BF95B1F1C4724919FCE4F /* Poppins-Bold.ttf in Resources */,
				3773F40AE73242D18D386118 /* Poppins-ExtraBold.ttf in Resources */,
				E8C2FC5249444F30A952B7C9 /* Poppins-ExtraLight.ttf in Resources */,
				D1F577155B6546389F340DCC /* Poppins-Light.ttf in Resources */,
				426148DB6DE74D509D34F015 /* Poppins-Medium.ttf in Resources */,
				703440A05B9F438A94533F01 /* Poppins-Regular.ttf in Resources */,
				341D9EF0D2C343FCBA54DB40 /* Poppins-SemiBold.ttf in Resources */,
				3ACA6AA218DE4E4EAF6566C3 /* Poppins-Thin.ttf in Resources */,
				4A9D3FAFC86A4E69AEB01BA7 /* amazonpay.png in Resources */,
				03199A04AB224629979FBBD2 /* applepay.png in Resources */,
				6C1A487638DB4A61869DC8D1 /* avatar.png in Resources */,
				62EADF3D31464AB1AEFABEB3 /* gpay.png in Resources */,
				189BB3A94279481F9E5AC6F9 /* americano_pic_1_portrait.png in Resources */,
				DBAACFA72AFF40F6AB70D7BA /* americano_pic_2_portrait.png in Resources */,
				D9E357ED499A46A2AC7C1B55 /* americano_pic_3_portrait.png in Resources */,
				1D4A752634BE4EEF8B464230 /* americano_pic_1_square.png in Resources */,
				9C2E1BDB2CCA4746A9922002 /* americano_pic_2_square.png in Resources */,
				7177FD6BE3B949EF865D0803 /* americano_pic_3_square.png in Resources */,
				1EC7B55D01284BE48D220CC9 /* arabica_coffee_beans_portrait.png in Resources */,
				B8733823965A46B9A5F4C2FE /* arabica_coffee_beans_square.png in Resources */,
				8FC43097B8934911B6FDEA01 /* black_coffee_pic_1_portrait.png in Resources */,
				57B4DAA11183429BA1A58C18 /* black_coffee_pic_2_portrait.png in Resources */,
				C443C09BF7604EC883DD7664 /* black_coffee_pic_3_portrait.png in Resources */,
				6F98ECEF79624B24BA2A97E6 /* black_coffee_pic_1_square.png in Resources */,
				BA53A7EA6CB045259314F4B1 /* black_coffee_pic_2_square.png in Resources */,
				48AB607BD10646CBB70E25D1 /* black_coffee_pic_3_square.png in Resources */,
				E2EF82DE243F474B9B8CB678 /* cappuccino_pic_1_portrait.png in Resources */,
				A9B339C54854410EB4D42EF8 /* cappuccino_pic_2_portrait.png in Resources */,
				2B90B1DC414948D28BF53660 /* cappuccino_pic_3_portrait.png in Resources */,
				FAEAB6654E524C23B3CC2A88 /* cappuccino_pic_1_square.png in Resources */,
				540554A9A24F49ECB3A67DA0 /* cappuccino_pic_2_square.png in Resources */,
				E6A868CCFE9040DA9B77B8B8 /* cappuccino_pic_3_square.png in Resources */,
				4265FA61837F473087F84458 /* espresso_pic_1_portrait.png in Resources */,
				D18D29BE0EF04B0090914794 /* espresso_pic_2_portrait.png in Resources */,
				2B769E2C02714082A004CAA4 /* espresso_pic_3_portrait.png in Resources */,
				C9CD50AEEF3F425491A2C0DE /* espresso_pic_1_square.png in Resources */,
				0C76CE94361F4D21AF1ADCAB /* espresso_pic_2_square.png in Resources */,
				F5FC7792F9E74AC2A50873A4 /* espresso_pic_3_square.png in Resources */,
				34119B72831C43EFA93DA93E /* excelsa_coffee_beans_portrait.png in Resources */,
				F36E44AC43CB45D6ACA650A9 /* excelsa_coffee_beans_square.png in Resources */,
				9991FFF73B1141F2B77F0577 /* latte_pic_1_portrait.png in Resources */,
				742379A887B64C01B875B887 /* latte_pic_2_portrait.png in Resources */,
				02E9E147CDCB40D79E3983FD /* latte_pic_3_portrait.png in Resources */,
				9FD17512C07F43C184DFB459 /* latte_pic_1_square.png in Resources */,
				4D359D628EAD4D9A876A74EB /* latte_pic_2_square.png in Resources */,
				A77C1042CB3D4E8B851D1403 /* latte_pic_3_square.png in Resources */,
				24BBFED95C004FC49571C81A /* liberica_coffee_beans_portrait.png in Resources */,
				4CED77A5420A4BB4BBA09322 /* liberica_coffee_beans_square.png in Resources */,
				3D43B7486B974461A6937E40 /* macchiato_pic_1_portrait.png in Resources */,
				92FD46EFE5ED44E1A9078EF1 /* macchiato_pic_2_portrait.png in Resources */,
				C479395C413C4AB48A7B7CC0 /* macchiato_pic_3_portrait.png in Resources */,
				EB10216635314D20B2E01E7E /* macchiato_pic_1_square.png in Resources */,
				AB4BF8BE5C104D5BA2793F1C /* macchiato_pic_2_square.png in Resources */,
				8A95F76475384BB7894244F5 /* macchiato_pic_3_square.png in Resources */,
				146F6E7426AA4A8CAE71309D /* robusta_coffee_beans_portrait.png in Resources */,
				742CCAF009214E19942B14B6 /* robusta_coffee_beans_square.png in Resources */,
			);
			runOnlyForDeploymentPostprocessing = 0;
		};
/* End PBXResourcesBuildPhase section */

/* Begin PBXShellScriptBuildPhase section */
		00DD1BFF1BD5951E006B06BC /* Bundle React Native code and images */ = {
			isa = PBXShellScriptBuildPhase;
			buildActionMask = 2147483647;
			files = (
			);
			inputPaths = (
				"$(SRCROOT)/.xcode.env.local",
				"$(SRCROOT)/.xcode.env",
			);
			name = "Bundle React Native code and images";
			outputPaths = (
			);
			runOnlyForDeploymentPostprocessing = 0;
			shellPath = /bin/sh;
			shellScript = "set -e\n\nWITH_ENVIRONMENT=\"../node_modules/react-native/scripts/xcode/with-environment.sh\"\nREACT_NATIVE_XCODE=\"../node_modules/react-native/scripts/react-native-xcode.sh\"\n\n/bin/sh -c \"$WITH_ENVIRONMENT $REACT_NATIVE_XCODE\"\n";
		};
		00EEFC60759A1932668264C0 /* [CP] Embed Pods Frameworks */ = {
			isa = PBXShellScriptBuildPhase;
			buildActionMask = 2147483647;
			files = (
			);
			inputFileListPaths = (
				"${PODS_ROOT}/Target Support Files/Pods-coffeShopApp/Pods-coffeShopApp-frameworks-${CONFIGURATION}-input-files.xcfilelist",
			);
			name = "[CP] Embed Pods Frameworks";
			outputFileListPaths = (
				"${PODS_ROOT}/Target Support Files/Pods-coffeShopApp/Pods-coffeShopApp-frameworks-${CONFIGURATION}-output-files.xcfilelist",
			);
			runOnlyForDeploymentPostprocessing = 0;
			shellPath = /bin/sh;
			shellScript = "\"${PODS_ROOT}/Target Support Files/Pods-coffeShopApp/Pods-coffeShopApp-frameworks.sh\"\n";
			showEnvVarsInLog = 0;
		};
		A55EABD7B0C7F3A422A6CC61 /* [CP] Check Pods Manifest.lock */ = {
			isa = PBXShellScriptBuildPhase;
			buildActionMask = 2147483647;
			files = (
			);
			inputFileListPaths = (
			);
			inputPaths = (
				"${PODS_PODFILE_DIR_PATH}/Podfile.lock",
				"${PODS_ROOT}/Manifest.lock",
			);
			name = "[CP] Check Pods Manifest.lock";
			outputFileListPaths = (
			);
			outputPaths = (
				"$(DERIVED_FILE_DIR)/Pods-coffeShopApp-coffeShopAppTests-checkManifestLockResult.txt",
			);
			runOnlyForDeploymentPostprocessing = 0;
			shellPath = /bin/sh;
			shellScript = "diff \"${PODS_PODFILE_DIR_PATH}/Podfile.lock\" \"${PODS_ROOT}/Manifest.lock\" > /dev/null\nif [ $? != 0 ] ; then\n    # print error to STDERR\n    echo \"error: The sandbox is not in sync with the Podfile.lock. Run 'pod install' or update your CocoaPods installation.\" >&2\n    exit 1\nfi\n# This output is used by Xcode 'outputs' to avoid re-running this script phase.\necho \"SUCCESS\" > \"${SCRIPT_OUTPUT_FILE_0}\"\n";
			showEnvVarsInLog = 0;
		};
		C38B50BA6285516D6DCD4F65 /* [CP] Check Pods Manifest.lock */ = {
			isa = PBXShellScriptBuildPhase;
			buildActionMask = 2147483647;
			files = (
			);
			inputFileListPaths = (
			);
			inputPaths = (
				"${PODS_PODFILE_DIR_PATH}/Podfile.lock",
				"${PODS_ROOT}/Manifest.lock",
			);
			name = "[CP] Check Pods Manifest.lock";
			outputFileListPaths = (
			);
			outputPaths = (
				"$(DERIVED_FILE_DIR)/Pods-coffeShopApp-checkManifestLockResult.txt",
			);
			runOnlyForDeploymentPostprocessing = 0;
			shellPath = /bin/sh;
			shellScript = "diff \"${PODS_PODFILE_DIR_PATH}/Podfile.lock\" \"${PODS_ROOT}/Manifest.lock\" > /dev/null\nif [ $? != 0 ] ; then\n    # print error to STDERR\n    echo \"error: The sandbox is not in sync with the Podfile.lock. Run 'pod install' or update your CocoaPods installation.\" >&2\n    exit 1\nfi\n# This output is used by Xcode 'outputs' to avoid re-running this script phase.\necho \"SUCCESS\" > \"${SCRIPT_OUTPUT_FILE_0}\"\n";
			showEnvVarsInLog = 0;
		};
		C59DA0FBD6956966B86A3779 /* [CP] Embed Pods Frameworks */ = {
			isa = PBXShellScriptBuildPhase;
			buildActionMask = 2147483647;
			files = (
			);
			inputFileListPaths = (
				"${PODS_ROOT}/Target Support Files/Pods-coffeShopApp-coffeShopAppTests/Pods-coffeShopApp-coffeShopAppTests-frameworks-${CONFIGURATION}-input-files.xcfilelist",
			);
			name = "[CP] Embed Pods Frameworks";
			outputFileListPaths = (
				"${PODS_ROOT}/Target Support Files/Pods-coffeShopApp-coffeShopAppTests/Pods-coffeShopApp-coffeShopAppTests-frameworks-${CONFIGURATION}-output-files.xcfilelist",
			);
			runOnlyForDeploymentPostprocessing = 0;
			shellPath = /bin/sh;
			shellScript = "\"${PODS_ROOT}/Target Support Files/Pods-coffeShopApp-coffeShopAppTests/Pods-coffeShopApp-coffeShopAppTests-frameworks.sh\"\n";
			showEnvVarsInLog = 0;
		};
		E235C05ADACE081382539298 /* [CP] Copy Pods Resources */ = {
			isa = PBXShellScriptBuildPhase;
			buildActionMask = 2147483647;
			files = (
			);
			inputFileListPaths = (
				"${PODS_ROOT}/Target Support Files/Pods-coffeShopApp/Pods-coffeShopApp-resources-${CONFIGURATION}-input-files.xcfilelist",
			);
			name = "[CP] Copy Pods Resources";
			outputFileListPaths = (
				"${PODS_ROOT}/Target Support Files/Pods-coffeShopApp/Pods-coffeShopApp-resources-${CONFIGURATION}-output-files.xcfilelist",
			);
			runOnlyForDeploymentPostprocessing = 0;
			shellPath = /bin/sh;
			shellScript = "\"${PODS_ROOT}/Target Support Files/Pods-coffeShopApp/Pods-coffeShopApp-resources.sh\"\n";
			showEnvVarsInLog = 0;
		};
		F6A41C54EA430FDDC6A6ED99 /* [CP] Copy Pods Resources */ = {
			isa = PBXShellScriptBuildPhase;
			buildActionMask = 2147483647;
			files = (
			);
			inputFileListPaths = (
				"${PODS_ROOT}/Target Support Files/Pods-coffeShopApp-coffeShopAppTests/Pods-coffeShopApp-coffeShopAppTests-resources-${CONFIGURATION}-input-files.xcfilelist",
			);
			name = "[CP] Copy Pods Resources";
			outputFileListPaths = (
				"${PODS_ROOT}/Target Support Files/Pods-coffeShopApp-coffeShopAppTests/Pods-coffeShopApp-coffeShopAppTests-resources-${CONFIGURATION}-output-files.xcfilelist",
			);
			runOnlyForDeploymentPostprocessing = 0;
			shellPath = /bin/sh;
			shellScript = "\"${PODS_ROOT}/Target Support Files/Pods-coffeShopApp-coffeShopAppTests/Pods-coffeShopApp-coffeShopAppTests-resources.sh\"\n";
			showEnvVarsInLog = 0;
		};
/* End PBXShellScriptBuildPhase section */

/* Begin PBXSourcesBuildPhase section */
		00E356EA1AD99517003FC87E /* Sources */ = {
			isa = PBXSourcesBuildPhase;
			buildActionMask = 2147483647;
			files = (
				00E356F31AD99517003FC87E /* coffeShopAppTests.m in Sources */,
			);
			runOnlyForDeploymentPostprocessing = 0;
		};
		13B07F871A680F5B00A75B9A /* Sources */ = {
			isa = PBXSourcesBuildPhase;
			buildActionMask = 2147483647;
			files = (
				13B07FBC1A68108700A75B9A /* AppDelegate.mm in Sources */,
				13B07FC11A68108700A75B9A /* main.m in Sources */,
			);
			runOnlyForDeploymentPostprocessing = 0;
		};
/* End PBXSourcesBuildPhase section */

/* Begin PBXTargetDependency section */
		00E356F51AD99517003FC87E /* PBXTargetDependency */ = {
			isa = PBXTargetDependency;
			target = 13B07F861A680F5B00A75B9A /* coffeShopApp */;
			targetProxy = 00E356F41AD99517003FC87E /* PBXContainerItemProxy */;
		};
/* End PBXTargetDependency section */

/* Begin XCBuildConfiguration section */
		00E356F61AD99517003FC87E /* Debug */ = {
			isa = XCBuildConfiguration;
			baseConfigurationReference = 5B7EB9410499542E8C5724F5 /* Pods-coffeShopApp-coffeShopAppTests.debug.xcconfig */;
			buildSettings = {
				BUNDLE_LOADER = "$(TEST_HOST)";
				GCC_PREPROCESSOR_DEFINITIONS = (
					"DEBUG=1",
					"$(inherited)",
				);
				INFOPLIST_FILE = coffeShopAppTests/Info.plist;
				IPHONEOS_DEPLOYMENT_TARGET = 13.4;
				LD_RUNPATH_SEARCH_PATHS = (
					"$(inherited)",
					"@executable_path/Frameworks",
					"@loader_path/Frameworks",
				);
				OTHER_LDFLAGS = (
					"-ObjC",
					"-lc++",
					"$(inherited)",
				);
				PRODUCT_BUNDLE_IDENTIFIER = "org.reactjs.native.example.$(PRODUCT_NAME:rfc1034identifier)";
				PRODUCT_NAME = "$(TARGET_NAME)";
				TEST_HOST = "$(BUILT_PRODUCTS_DIR)/coffeShopApp.app/coffeShopApp";
			};
			name = Debug;
		};
		00E356F71AD99517003FC87E /* Release */ = {
			isa = XCBuildConfiguration;
			baseConfigurationReference = 89C6BE57DB24E9ADA2F236DE /* Pods-coffeShopApp-coffeShopAppTests.release.xcconfig */;
			buildSettings = {
				BUNDLE_LOADER = "$(TEST_HOST)";
				COPY_PHASE_STRIP = NO;
				INFOPLIST_FILE = coffeShopAppTests/Info.plist;
				IPHONEOS_DEPLOYMENT_TARGET = 13.4;
				LD_RUNPATH_SEARCH_PATHS = (
					"$(inherited)",
					"@executable_path/Frameworks",
					"@loader_path/Frameworks",
				);
				OTHER_LDFLAGS = (
					"-ObjC",
					"-lc++",
					"$(inherited)",
				);
				PRODUCT_BUNDLE_IDENTIFIER = "org.reactjs.native.example.$(PRODUCT_NAME:rfc1034identifier)";
				PRODUCT_NAME = "$(TARGET_NAME)";
				TEST_HOST = "$(BUILT_PRODUCTS_DIR)/coffeShopApp.app/coffeShopApp";
			};
			name = Release;
		};
		13B07F941A680F5B00A75B9A /* Debug */ = {
			isa = XCBuildConfiguration;
			baseConfigurationReference = 3B4392A12AC88292D35C810B /* Pods-coffeShopApp.debug.xcconfig */;
			buildSettings = {
				ASSETCATALOG_COMPILER_APPICON_NAME = AppIcon;
				CLANG_ENABLE_MODULES = YES;
				CURRENT_PROJECT_VERSION = 1;
				ENABLE_BITCODE = NO;
				INFOPLIST_FILE = coffeShopApp/Info.plist;
				LD_RUNPATH_SEARCH_PATHS = (
					"$(inherited)",
					"@executable_path/Frameworks",
				);
				MARKETING_VERSION = 1.0;
				OTHER_LDFLAGS = (
					"$(inherited)",
					"-ObjC",
					"-lc++",
				);
				PRODUCT_BUNDLE_IDENTIFIER = "org.reactjs.native.example.$(PRODUCT_NAME:rfc1034identifier)";
				PRODUCT_NAME = coffeShopApp;
				SWIFT_OPTIMIZATION_LEVEL = "-Onone";
				SWIFT_VERSION = 5.0;
				VERSIONING_SYSTEM = "apple-generic";
			};
			name = Debug;
		};
		13B07F951A680F5B00A75B9A /* Release */ = {
			isa = XCBuildConfiguration;
			baseConfigurationReference = 5709B34CF0A7D63546082F79 /* Pods-coffeShopApp.release.xcconfig */;
			buildSettings = {
				ASSETCATALOG_COMPILER_APPICON_NAME = AppIcon;
				CLANG_ENABLE_MODULES = YES;
				CURRENT_PROJECT_VERSION = 1;
				INFOPLIST_FILE = coffeShopApp/Info.plist;
				LD_RUNPATH_SEARCH_PATHS = (
					"$(inherited)",
					"@executable_path/Frameworks",
				);
				MARKETING_VERSION = 1.0;
				OTHER_LDFLAGS = (
					"$(inherited)",
					"-ObjC",
					"-lc++",
				);
				PRODUCT_BUNDLE_IDENTIFIER = "org.reactjs.native.example.$(PRODUCT_NAME:rfc1034identifier)";
				PRODUCT_NAME = coffeShopApp;
				SWIFT_VERSION = 5.0;
				VERSIONING_SYSTEM = "apple-generic";
			};
			name = Release;
		};
		83CBBA201A601CBA00E9B192 /* Debug */ = {
			isa = XCBuildConfiguration;
			buildSettings = {
				ALWAYS_SEARCH_USER_PATHS = NO;
				CLANG_ANALYZER_LOCALIZABILITY_NONLOCALIZED = YES;
				CLANG_CXX_LANGUAGE_STANDARD = "c++20";
				CLANG_CXX_LIBRARY = "libc++";
				CLANG_ENABLE_MODULES = YES;
				CLANG_ENABLE_OBJC_ARC = YES;
				CLANG_WARN_BLOCK_CAPTURE_AUTORELEASING = YES;
				CLANG_WARN_BOOL_CONVERSION = YES;
				CLANG_WARN_COMMA = YES;
				CLANG_WARN_CONSTANT_CONVERSION = YES;
				CLANG_WARN_DEPRECATED_OBJC_IMPLEMENTATIONS = YES;
				CLANG_WARN_DIRECT_OBJC_ISA_USAGE = YES_ERROR;
				CLANG_WARN_EMPTY_BODY = YES;
				CLANG_WARN_ENUM_CONVERSION = YES;
				CLANG_WARN_INFINITE_RECURSION = YES;
				CLANG_WARN_INT_CONVERSION = YES;
				CLANG_WARN_NON_LITERAL_NULL_CONVERSION = YES;
				CLANG_WARN_OBJC_IMPLICIT_RETAIN_SELF = YES;
				CLANG_WARN_OBJC_LITERAL_CONVERSION = YES;
				CLANG_WARN_OBJC_ROOT_CLASS = YES_ERROR;
				CLANG_WARN_QUOTED_INCLUDE_IN_FRAMEWORK_HEADER = YES;
				CLANG_WARN_RANGE_LOOP_ANALYSIS = YES;
				CLANG_WARN_STRICT_PROTOTYPES = YES;
				CLANG_WARN_SUSPICIOUS_MOVE = YES;
				CLANG_WARN_UNREACHABLE_CODE = YES;
				CLANG_WARN__DUPLICATE_METHOD_MATCH = YES;
				"CODE_SIGN_IDENTITY[sdk=iphoneos*]" = "iPhone Developer";
				COPY_PHASE_STRIP = NO;
				ENABLE_STRICT_OBJC_MSGSEND = YES;
				ENABLE_TESTABILITY = YES;
				"EXCLUDED_ARCHS[sdk=iphonesimulator*]" = "";
				GCC_C_LANGUAGE_STANDARD = gnu99;
				GCC_DYNAMIC_NO_PIC = NO;
				GCC_NO_COMMON_BLOCKS = YES;
				GCC_OPTIMIZATION_LEVEL = 0;
				GCC_PREPROCESSOR_DEFINITIONS = (
					"DEBUG=1",
					"$(inherited)",
				);
				GCC_SYMBOLS_PRIVATE_EXTERN = NO;
				GCC_WARN_64_TO_32_BIT_CONVERSION = YES;
				GCC_WARN_ABOUT_RETURN_TYPE = YES_ERROR;
				GCC_WARN_UNDECLARED_SELECTOR = YES;
				GCC_WARN_UNINITIALIZED_AUTOS = YES_AGGRESSIVE;
				GCC_WARN_UNUSED_FUNCTION = YES;
				GCC_WARN_UNUSED_VARIABLE = YES;
				IPHONEOS_DEPLOYMENT_TARGET = 13.4;
				LD_RUNPATH_SEARCH_PATHS = (
					/usr/lib/swift,
					"$(inherited)",
				);
				LIBRARY_SEARCH_PATHS = (
					"\"$(SDKROOT)/usr/lib/swift\"",
					"\"$(TOOLCHAIN_DIR)/usr/lib/swift/$(PLATFORM_NAME)\"",
					"\"$(inherited)\"",
				);
				MTL_ENABLE_DEBUG_INFO = YES;
				ONLY_ACTIVE_ARCH = YES;
				OTHER_CPLUSPLUSFLAGS = (
					"$(OTHER_CFLAGS)",
					"-DFOLLY_NO_CONFIG",
					"-DFOLLY_MOBILE=1",
					"-DFOLLY_USE_LIBCPP=1",
					"-DFOLLY_CFG_NO_COROUTINES=1",
				);
				SDKROOT = iphoneos;
			};
			name = Debug;
		};
		83CBBA211A601CBA00E9B192 /* Release */ = {
			isa = XCBuildConfiguration;
			buildSettings = {
				ALWAYS_SEARCH_USER_PATHS = NO;
				CLANG_ANALYZER_LOCALIZABILITY_NONLOCALIZED = YES;
				CLANG_CXX_LANGUAGE_STANDARD = "c++20";
				CLANG_CXX_LIBRARY = "libc++";
				CLANG_ENABLE_MODULES = YES;
				CLANG_ENABLE_OBJC_ARC = YES;
				CLANG_WARN_BLOCK_CAPTURE_AUTORELEASING = YES;
				CLANG_WARN_BOOL_CONVERSION = YES;
				CLANG_WARN_COMMA = YES;
				CLANG_WARN_CONSTANT_CONVERSION = YES;
				CLANG_WARN_DEPRECATED_OBJC_IMPLEMENTATIONS = YES;
				CLANG_WARN_DIRECT_OBJC_ISA_USAGE = YES_ERROR;
				CLANG_WARN_EMPTY_BODY = YES;
				CLANG_WARN_ENUM_CONVERSION = YES;
				CLANG_WARN_INFINITE_RECURSION = YES;
				CLANG_WARN_INT_CONVERSION = YES;
				CLANG_WARN_NON_LITERAL_NULL_CONVERSION = YES;
				CLANG_WARN_OBJC_IMPLICIT_RETAIN_SELF = YES;
				CLANG_WARN_OBJC_LITERAL_CONVERSION = YES;
				CLANG_WARN_OBJC_ROOT_CLASS = YES_ERROR;
				CLANG_WARN_QUOTED_INCLUDE_IN_FRAMEWORK_HEADER = YES;
				CLANG_WARN_RANGE_LOOP_ANALYSIS = YES;
				CLANG_WARN_STRICT_PROTOTYPES = YES;
				CLANG_WARN_SUSPICIOUS_MOVE = YES;
				CLANG_WARN_UNREACHABLE_CODE = YES;
				CLANG_WARN__DUPLICATE_METHOD_MATCH = YES;
				"CODE_SIGN_IDENTITY[sdk=iphoneos*]" = "iPhone Developer";
				COPY_PHASE_STRIP = YES;
				ENABLE_NS_ASSERTIONS = NO;
				ENABLE_STRICT_OBJC_MSGSEND = YES;
				"EXCLUDED_ARCHS[sdk=iphonesimulator*]" = "";
				GCC_C_LANGUAGE_STANDARD = gnu99;
				GCC_NO_COMMON_BLOCKS = YES;
				GCC_WARN_64_TO_32_BIT_CONVERSION = YES;
				GCC_WARN_ABOUT_RETURN_TYPE = YES_ERROR;
				GCC_WARN_UNDECLARED_SELECTOR = YES;
				GCC_WARN_UNINITIALIZED_AUTOS = YES_AGGRESSIVE;
				GCC_WARN_UNUSED_FUNCTION = YES;
				GCC_WARN_UNUSED_VARIABLE = YES;
				IPHONEOS_DEPLOYMENT_TARGET = 13.4;
				LD_RUNPATH_SEARCH_PATHS = (
					/usr/lib/swift,
					"$(inherited)",
				);
				LIBRARY_SEARCH_PATHS = (
					"\"$(SDKROOT)/usr/lib/swift\"",
					"\"$(TOOLCHAIN_DIR)/usr/lib/swift/$(PLATFORM_NAME)\"",
					"\"$(inherited)\"",
				);
				MTL_ENABLE_DEBUG_INFO = NO;
				OTHER_CPLUSPLUSFLAGS = (
					"$(OTHER_CFLAGS)",
					"-DFOLLY_NO_CONFIG",
					"-DFOLLY_MOBILE=1",
					"-DFOLLY_USE_LIBCPP=1",
					"-DFOLLY_CFG_NO_COROUTINES=1",
				);
				SDKROOT = iphoneos;
				VALIDATE_PRODUCT = YES;
			};
			name = Release;
		};
/* End XCBuildConfiguration section */

/* Begin XCConfigurationList section */
		00E357021AD99517003FC87E /* Build configuration list for PBXNativeTarget "coffeShopAppTests" */ = {
			isa = XCConfigurationList;
			buildConfigurations = (
				00E356F61AD99517003FC87E /* Debug */,
				00E356F71AD99517003FC87E /* Release */,
			);
			defaultConfigurationIsVisible = 0;
			defaultConfigurationName = Release;
		};
		13B07F931A680F5B00A75B9A /* Build configuration list for PBXNativeTarget "coffeShopApp" */ = {
			isa = XCConfigurationList;
			buildConfigurations = (
				13B07F941A680F5B00A75B9A /* Debug */,
				13B07F951A680F5B00A75B9A /* Release */,
			);
			defaultConfigurationIsVisible = 0;
			defaultConfigurationName = Release;
		};
		83CBB9FA1A601CBA00E9B192 /* Build configuration list for PBXProject "coffeShopApp" */ = {
			isa = XCConfigurationList;
			buildConfigurations = (
				83CBBA201A601CBA00E9B192 /* Debug */,
				83CBBA211A601CBA00E9B192 /* Release */,
			);
			defaultConfigurationIsVisible = 0;
			defaultConfigurationName = Release;
		};
/* End XCConfigurationList section */
	};
	rootObject = 83CBB9F71A601CBA00E9B192 /* Project object */;
}
